{
  "nodes": {
    "darwin": {
      "inputs": {
        "nixpkgs": [
          "nixpkgs"
        ]
      },
      "locked": {
        "lastModified": 1757130842,
        "narHash": "sha256-4i7KKuXesSZGUv0cLPLfxbmF1S72Gf/3aSypgvVkwuA=",
        "owner": "lnl7",
        "repo": "nix-darwin",
        "rev": "15f067638e2887c58c4b6ba1bdb65a0b61dc58c5",
        "type": "github"
      },
      "original": {
        "owner": "lnl7",
        "repo": "nix-darwin",
        "type": "github"
      }
    },
    "home-manager": {
      "inputs": {
        "nixpkgs": [
          "nixpkgs"
        ]
      },
      "locked": {
        "lastModified": 1757075491,
        "narHash": "sha256-a+NMGl5tcvm+hyfSG2DlVPa8nZLpsumuRj1FfcKb2mQ=",
        "owner": "nix-community",
        "repo": "home-manager",
        "rev": "f56bf065f9abedc7bc15e1f2454aa5c8edabaacf",
        "type": "github"
      },
      "original": {
        "owner": "nix-community",
        "repo": "home-manager",
        "type": "github"
      }
    },
    "home-manager_2": {
      "inputs": {
        "nixpkgs": [
          "zen-browser",
          "nixpkgs"
        ]
      },
      "locked": {
        "lastModified": 1752603129,
        "narHash": "sha256-S+wmHhwNQ5Ru689L2Gu8n1OD6s9eU9n9mD827JNR+kw=",
        "owner": "nix-community",
        "repo": "home-manager",
        "rev": "e8c19a3cec2814c754f031ab3ae7316b64da085b",
        "type": "github"
      },
      "original": {
        "owner": "nix-community",
        "repo": "home-manager",
        "type": "github"
      }
    },
    "hyprland-contrib": {
      "inputs": {
        "nixpkgs": [
          "nixpkgs"
        ]
      },
      "locked": {
        "lastModified": 1758055182,
        "narHash": "sha256-0TCggLT5bUMpJYoA8+EXs8Qu+D9sTVe6eOmsNetH8OI=",
        "owner": "hyprwm",
        "repo": "contrib",
        "rev": "9e73a0e753251fbc6e987bd13324886dc6ca8f9a",
        "type": "github"
      },
      "original": {
        "owner": "hyprwm",
        "repo": "contrib",
        "type": "github"
      }
    },
    "hyprland-virtual-desktops": {
      "inputs": {
        "nixpkgs": [
          "nixpkgs"
        ]
      },
      "locked": {
        "lastModified": 1758456499,
        "narHash": "sha256-3+ObCCMVKyri4wuMuoh3QNO0jBidxfEEFgmTunAryLA=",
        "owner": "levnikmyskin",
        "repo": "hyprland-virtual-desktops",
        "rev": "76a685eadedb8d052d1bb9da9c3a3325217829e3",
        "type": "github"
      },
      "original": {
        "owner": "levnikmyskin",
        "repo": "hyprland-virtual-desktops",
        "type": "github"
      }
    },
    "impurity": {
      "locked": {
        "lastModified": 1689836741,
        "narHash": "sha256-82KeRg2sAqDXCdzVs8P8GoqVaPsZjkWgrfsj6kgOLTY=",
        "owner": "outfoxxed",
        "repo": "impurity.nix",
        "rev": "bbc41b69ab5485cd55aa315d08cff865781d3913",
        "type": "github"
      },
      "original": {
        "owner": "outfoxxed",
        "repo": "impurity.nix",
        "type": "github"
      }
    },
    "nixpkgs": {
      "locked": {
        "lastModified": 1756911493,
        "narHash": "sha256-6n/n1GZQ/vi+LhFXMSyoseKdNfc2QQaSBXJdgamrbkE=",
        "owner": "nixos",
        "repo": "nixpkgs",
        "rev": "c6a788f552b7b7af703b1a29802a7233c0067908",
        "type": "github"
      },
      "original": {
        "owner": "nixos",
        "ref": "nixpkgs-unstable",
        "repo": "nixpkgs",
        "type": "github"
      }
    },
    "nixpkgs_2": {
      "locked": {
        "lastModified": 1755615617,
        "narHash": "sha256-HMwfAJBdrr8wXAkbGhtcby1zGFvs+StOp19xNsbqdOg=",
        "owner": "nixos",
        "repo": "nixpkgs",
        "rev": "20075955deac2583bb12f07151c2df830ef346b4",
        "type": "github"
      },
      "original": {
        "owner": "nixos",
        "ref": "nixos-unstable",
        "repo": "nixpkgs",
        "type": "github"
      }
    },
    "root": {
      "inputs": {
        "darwin": "darwin",
        "home-manager": "home-manager",
        "hyprland-contrib": "hyprland-contrib",
        "hyprland-virtual-desktops": "hyprland-virtual-desktops",
        "impurity": "impurity",
        "nixpkgs": "nixpkgs",
        "rust-overlay": "rust-overlay",
        "sops-nix": "sops-nix",
        "zen-browser": "zen-browser"
      }
    },
    "rust-overlay": {
      "inputs": {
        "nixpkgs": [
          "nixpkgs"
        ]
      },
      "locked": {
        "lastModified": 1757212513,
        "narHash": "sha256-ZTHwY7u8BQF1JUazhGk+ftCjsS57Ht6KSnnkxQoUBA8=",
        "owner": "oxalica",
        "repo": "rust-overlay",
        "rev": "a8c2f9348abb14647d8a4899d1b3acd0155ce2cd",
        "type": "github"
      },
      "original": {
        "owner": "oxalica",
        "repo": "rust-overlay",
        "type": "github"
      }
    },
    "sops-nix": {
      "inputs": {
        "nixpkgs": [
          "nixpkgs"
        ]
      },
      "locked": {
        "lastModified": 1754988908,
        "narHash": "sha256-t+voe2961vCgrzPFtZxha0/kmFSHFobzF00sT8p9h0U=",
        "owner": "Mic92",
        "repo": "sops-nix",
        "rev": "3223c7a92724b5d804e9988c6b447a0d09017d48",
        "type": "github"
      },
      "original": {
        "owner": "Mic92",
        "repo": "sops-nix",
        "type": "github"
      }
    },
    "zen-browser": {
      "inputs": {
        "home-manager": "home-manager_2",
        "nixpkgs": "nixpkgs_2"
      },
      "locked": {
        "lastModified": 1757188300,
        "narHash": "sha256-LBdC9dbb6/fWMwGKSyNmuzkyOFFFLyOyveBj5HwEs8s=",
        "owner": "0xc000022070",
        "repo": "zen-browser-flake",
        "rev": "4ca47f098b4710e827180798bdc8b5f53d6d2e5a",
        "type": "github"
      },
      "original": {
        "owner": "0xc000022070",
        "repo": "zen-browser-flake",
        "type": "github"
      }
    }
  },
  "root": "root",
  "version": 7
}
